
Microsoft Visual Studio Solution File, Format Version 12.00
# Visual Studio 15
VisualStudioVersion = 15.0.28307.852
MinimumVisualStudioVersion = 10.0.40219.1
Project("{8BC9CEB8-8B4A-11D0-8D11-00A0C91BC942}") = "fonttest", "fonttest\fonttest.vcxproj", "{76428C82-154A-44BC-933A-304164D6E4B7}"
EndProject
Global
	GlobalSection(SolutionConfigurationPlatforms) = preSolution
		Debug|x64 = Debug|x64
		Debug|x86 = Debug|x86
		Release|x64 = Release|x64
		Release|x86 = Release|x86
	EndGlobalSection
	GlobalSection(ProjectConfigurationPlatforms) = postSolution
		{76428C82-154A-44BC-933A-304164D6E4B7}.Debug|x64.ActiveCfg = Debug|x64
		{76428C82-154A-44BC-933A-304164D6E4B7}.Debug|x64.Build.0 = Debug|x64
		{76428C82-154A-44BC-933A-304164D6E4B7}.Debug|x86.ActiveCfg = Debug|Win32
		{76428C82-154A-44BC-933A-304164D6E4B7}.Debug|x86.Build.0 = Debug|Win32
		{76428C82-154A-44BC-933A-304164D6E4B7}.Release|x64.ActiveCfg = Release|x64
		{76428C82-154A-44BC-933A-304164D6E4B7}.Release|x64.Build.0 = Release|x64
		{76428C82-154A-44BC-933A-304164D6E4B7}.Release|x86.ActiveCfg = Release|Win32
		{76428C82-154A-44BC-933A-304164D6E4B7}.Release|x86.Build.0 = Release|Win32
	EndGlobalSection
	GlobalSection(SolutionProperties) = preSolution
		HideSolutionNode = FALSE
	EndGlobalSection
	GlobalSection(ExtensibilityGlobals) = postSolution
		SolutionGuid = {D93CDA6D-D99F-4319-A8E3-3098467D3CC7}
	EndGlobalSection
EndGlobal
